
Microsoft Visual Studio Solution File, Format Version 12.00
# Visual Studio Version 17
VisualStudioVersion = 17.13.35931.197
MinimumVisualStudioVersion = 10.0.40219.1
Project("{FAE04EC0-301F-11D3-BF4B-00C04F79EFBC}") = "PartnerTransaction.API", "src\PartnerTransaction.API\PartnerTransaction.API.csproj", "{03894044-A78B-4D73-8264-862CE5F7EDF2}"
EndProject
Project("{FAE04EC0-301F-11D3-BF4B-00C04F79EFBC}") = "PartnerTransaction.API.Tests", "tests\PartnerTransaction.API.Tests\PartnerTransaction.API.Tests.csproj", "{7F096F3E-F9D6-4DF6-891E-3AE529836359}"
EndProject
Global
	GlobalSection(SolutionConfigurationPlatforms) = preSolution
		Debug|Any CPU = Debug|Any CPU
		Release|Any CPU = Release|Any CPU
	EndGlobalSection
	GlobalSection(ProjectConfigurationPlatforms) = postSolution
		{03894044-A78B-4D73-8264-862CE5F7EDF2}.Debug|Any CPU.ActiveCfg = Debug|Any CPU
		{03894044-A78B-4D73-8264-862CE5F7EDF2}.Debug|Any CPU.Build.0 = Debug|Any CPU
		{03894044-A78B-4D73-8264-862CE5F7EDF2}.Release|Any CPU.ActiveCfg = Release|Any CPU
		{03894044-A78B-4D73-8264-862CE5F7EDF2}.Release|Any CPU.Build.0 = Release|Any CPU
		{7F096F3E-F9D6-4DF6-891E-3AE529836359}.Debug|Any CPU.ActiveCfg = Debug|Any CPU
		{7F096F3E-F9D6-4DF6-891E-3AE529836359}.Debug|Any CPU.Build.0 = Debug|Any CPU
		{7F096F3E-F9D6-4DF6-891E-3AE529836359}.Release|Any CPU.ActiveCfg = Release|Any CPU
		{7F096F3E-F9D6-4DF6-891E-3AE529836359}.Release|Any CPU.Build.0 = Release|Any CPU
	EndGlobalSection
	GlobalSection(SolutionProperties) = preSolution
		HideSolutionNode = FALSE
	EndGlobalSection
	GlobalSection(ExtensibilityGlobals) = postSolution
		SolutionGuid = {5F039929-FE85-4F71-B946-F9101EB0707B}
	EndGlobalSection
EndGlobal
